#MicroXplorer Configuration settings - do not modify
ADC1.Channel-0\#ChannelRegularConversion=ADC_CHANNEL_17
ADC1.Channel-1\#ChannelRegularConversion=ADC_CHANNEL_14
ADC1.Channel-2\#ChannelRegularConversion=ADC_CHANNEL_15
ADC1.Channel-3\#ChannelRegularConversion=ADC_CHANNEL_18
ADC1.ClockPrescaler=ADC_CLOCK_ASYNC_DIV2
ADC1.ContinuousConvMode=ENABLE
ADC1.EOCSelection=ADC_EOC_SEQ_CONV
ADC1.IPParameters=Rank-0\#ChannelRegularConversion,Channel-0\#ChannelRegularConversion,SamplingTime-0\#ChannelRegularConversion,OffsetNumber-0\#ChannelRegularConversion,OffsetSignedSaturation-0\#ChannelRegularConversion,NbrOfConversionFlag,master,Resolution,ContinuousConvMode,EOCSelection,Overrun,NbrOfConversion,Rank-1\#ChannelRegularConversion,Channel-1\#ChannelRegularConversion,SamplingTime-1\#ChannelRegularConversion,OffsetNumber-1\#ChannelRegularConversion,Rank-2\#ChannelRegularConversion,Channel-2\#ChannelRegularConversion,SamplingTime-2\#ChannelRegularConversion,OffsetNumber-2\#ChannelRegularConversion,Rank-3\#ChannelRegularConversion,Channel-3\#ChannelRegularConversion,SamplingTime-3\#ChannelRegularConversion,OffsetNumber-3\#ChannelRegularConversion,ClockPrescaler
ADC1.NbrOfConversion=4
ADC1.NbrOfConversionFlag=1
ADC1.OffsetNumber-0\#ChannelRegularConversion=ADC_OFFSET_NONE
ADC1.OffsetNumber-1\#ChannelRegularConversion=ADC_OFFSET_NONE
ADC1.OffsetNumber-2\#ChannelRegularConversion=ADC_OFFSET_NONE
ADC1.OffsetNumber-3\#ChannelRegularConversion=ADC_OFFSET_NONE
ADC1.OffsetSignedSaturation-0\#ChannelRegularConversion=DISABLE
ADC1.Overrun=ADC_OVR_DATA_OVERWRITTEN
ADC1.Rank-0\#ChannelRegularConversion=1
ADC1.Rank-1\#ChannelRegularConversion=2
ADC1.Rank-2\#ChannelRegularConversion=3
ADC1.Rank-3\#ChannelRegularConversion=4
ADC1.Resolution=ADC_RESOLUTION_12B
ADC1.SamplingTime-0\#ChannelRegularConversion=ADC_SAMPLETIME_64CYCLES_5
ADC1.SamplingTime-1\#ChannelRegularConversion=ADC_SAMPLETIME_64CYCLES_5
ADC1.SamplingTime-2\#ChannelRegularConversion=ADC_SAMPLETIME_64CYCLES_5
ADC1.SamplingTime-3\#ChannelRegularConversion=ADC_SAMPLETIME_64CYCLES_5
ADC1.master=1
CAD.formats=
CAD.pinconfig=
CAD.provider=
CORTEX_M7.IPParameters=default_mode_Activation
CORTEX_M7.default_mode_Activation=1
Dma.ADC1.0.Direction=DMA_PERIPH_TO_MEMORY
Dma.ADC1.0.EventEnable=DISABLE
Dma.ADC1.0.FIFOMode=DMA_FIFOMODE_DISABLE
Dma.ADC1.0.Instance=DMA1_Stream0
Dma.ADC1.0.MemDataAlignment=DMA_MDATAALIGN_HALFWORD
Dma.ADC1.0.MemInc=DMA_MINC_ENABLE
Dma.ADC1.0.Mode=DMA_CIRCULAR
Dma.ADC1.0.PeriphDataAlignment=DMA_PDATAALIGN_HALFWORD
Dma.ADC1.0.PeriphInc=DMA_PINC_DISABLE
Dma.ADC1.0.Polarity=HAL_DMAMUX_REQ_GEN_RISING
Dma.ADC1.0.Priority=DMA_PRIORITY_LOW
Dma.ADC1.0.RequestNumber=1
Dma.ADC1.0.RequestParameters=Instance,Direction,PeriphInc,MemInc,PeriphDataAlignment,MemDataAlignment,Mode,Priority,FIFOMode,SignalID,Polarity,RequestNumber,SyncSignalID,SyncPolarity,SyncEnable,EventEnable,SyncRequestNumber
Dma.ADC1.0.SignalID=NONE
Dma.ADC1.0.SyncEnable=DISABLE
Dma.ADC1.0.SyncPolarity=HAL_DMAMUX_SYNC_NO_EVENT
Dma.ADC1.0.SyncRequestNumber=1
Dma.ADC1.0.SyncSignalID=NONE
Dma.Request0=ADC1
Dma.RequestsNb=1
FDCAN1.CalculateBaudRateNominal=1000000
FDCAN1.CalculateTimeBitNominal=1000
FDCAN1.CalculateTimeQuantumNominal=125.0
FDCAN1.IPParameters=CalculateTimeQuantumNominal,CalculateTimeBitNominal,CalculateBaudRateNominal,NominalPrescaler,NominalTimeSeg1,NominalTimeSeg2
FDCAN1.NominalPrescaler=1
FDCAN1.NominalTimeSeg1=5
FDCAN1.NominalTimeSeg2=2
File.Version=6
GPIO.groupedBy=Group By Peripherals
I2C1.I2C_Speed_Mode=I2C_Fast
I2C1.IPParameters=Timing,I2C_Speed_Mode
I2C1.Timing=0x009034B6
I2C2.I2C_Speed_Mode=I2C_Fast
I2C2.IPParameters=Timing,I2C_Speed_Mode
I2C2.Timing=0x009034B6
IWDG1.IPParameters=Prescaler,Reload
IWDG1.Prescaler=IWDG_PRESCALER_32
IWDG1.Reload=1999
KeepUserPlacement=false
MMTAppRegionsCount=0
MMTConfigApplied=false
Mcu.CPN=STM32H743VGT6
Mcu.Family=STM32H7
Mcu.IP0=ADC1
Mcu.IP1=CORTEX_M7
Mcu.IP10=RTC
Mcu.IP11=SPI1
Mcu.IP12=SPI2
Mcu.IP13=SPI4
Mcu.IP14=SYS
Mcu.IP15=TIM1
Mcu.IP16=TIM2
Mcu.IP17=TIM6
Mcu.IP18=USART2
Mcu.IP19=USART3
Mcu.IP2=DMA
Mcu.IP20=USART6
Mcu.IP21=USB_OTG_FS
Mcu.IP3=FDCAN1
Mcu.IP4=I2C1
Mcu.IP5=I2C2
Mcu.IP6=IWDG1
Mcu.IP7=MEMORYMAP
Mcu.IP8=NVIC
Mcu.IP9=RCC
Mcu.IPNb=22
Mcu.Name=STM32H743VGTx
Mcu.Package=LQFP100
Mcu.Pin0=PE2
Mcu.Pin1=PE3
Mcu.Pin10=PA1
Mcu.Pin11=PA2
Mcu.Pin12=PA3
Mcu.Pin13=PA4
Mcu.Pin14=PA5
Mcu.Pin15=PA6
Mcu.Pin16=PA7
Mcu.Pin17=PC4
Mcu.Pin18=PC5
Mcu.Pin19=PE9
Mcu.Pin2=PE4
Mcu.Pin20=PE11
Mcu.Pin21=PE13
Mcu.Pin22=PE14
Mcu.Pin23=PB10
Mcu.Pin24=PB11
Mcu.Pin25=PB12
Mcu.Pin26=PB13
Mcu.Pin27=PB14
Mcu.Pin28=PB15
Mcu.Pin29=PD8
Mcu.Pin3=PE5
Mcu.Pin30=PD9
Mcu.Pin31=PD10
Mcu.Pin32=PC6
Mcu.Pin33=PC7
Mcu.Pin34=PA9
Mcu.Pin35=PA11
Mcu.Pin36=PA12
Mcu.Pin37=PD0
Mcu.Pin38=PD1
Mcu.Pin39=PD5
Mcu.Pin4=PE6
Mcu.Pin40=PD6
Mcu.Pin41=PB8
Mcu.Pin42=PB9
Mcu.Pin43=VP_IWDG1_VS_IWDG
Mcu.Pin44=VP_RTC_VS_RTC_Activate
Mcu.Pin45=VP_SYS_VS_Systick
Mcu.Pin46=VP_TIM6_VS_ClockSourceINT
Mcu.Pin47=VP_MEMORYMAP_VS_MEMORYMAP
Mcu.Pin5=PC14-OSC32_IN (OSC32_IN)
Mcu.Pin6=PC15-OSC32_OUT (OSC32_OUT)
Mcu.Pin7=PH0-OSC_IN (PH0)
Mcu.Pin8=PH1-OSC_OUT (PH1)
Mcu.Pin9=PA0
Mcu.PinsNb=48
Mcu.ThirdPartyNb=0
Mcu.UserConstants=
Mcu.UserName=STM32H743VGTx
MxCube.Version=6.15.0
MxDb.Version=DB.6.0.150
NVIC.BusFault_IRQn=true\:0\:0\:false\:false\:true\:false\:false\:false
NVIC.DMA1_Stream0_IRQn=true\:0\:0\:false\:false\:true\:false\:true\:true
NVIC.DebugMonitor_IRQn=true\:0\:0\:false\:false\:true\:false\:false\:false
NVIC.EXTI15_10_IRQn=true\:0\:0\:false\:false\:true\:true\:true\:true
NVIC.EXTI4_IRQn=true\:0\:0\:false\:false\:true\:true\:true\:true
NVIC.ForceEnableDMAVector=true
NVIC.HardFault_IRQn=true\:0\:0\:false\:false\:true\:false\:false\:false
NVIC.MemoryManagement_IRQn=true\:0\:0\:false\:false\:true\:false\:false\:false
NVIC.NonMaskableInt_IRQn=true\:0\:0\:false\:false\:true\:false\:false\:false
NVIC.PendSV_IRQn=true\:0\:0\:false\:false\:true\:false\:false\:false
NVIC.PriorityGroup=NVIC_PRIORITYGROUP_4
NVIC.SVCall_IRQn=true\:0\:0\:false\:false\:true\:false\:false\:false
NVIC.SysTick_IRQn=true\:15\:0\:false\:false\:true\:false\:true\:false
NVIC.UsageFault_IRQn=true\:0\:0\:false\:false\:true\:false\:false\:false
PA0.Signal=S_TIM2_CH1_ETR
PA1.Mode=IN17-Single-Ended
PA1.Signal=ADC1_INP17
PA11.Mode=Device_Only
PA11.Signal=USB_OTG_FS_DM
PA12.Mode=Device_Only
PA12.Signal=USB_OTG_FS_DP
PA2.Signal=ADCx_INP14
PA3.Signal=ADCx_INP15
PA4.Signal=ADCx_INP18
PA5.Mode=Full_Duplex_Master
PA5.Signal=SPI1_SCK
PA6.Mode=Full_Duplex_Master
PA6.Signal=SPI1_MISO
PA7.Mode=Full_Duplex_Master
PA7.Signal=SPI1_MOSI
PA9.Locked=true
PA9.Signal=USB_OTG_FS_VBUS
PB10.Mode=I2C
PB10.Signal=I2C2_SCL
PB11.Mode=I2C
PB11.Signal=I2C2_SDA
PB12.Locked=true
PB12.Signal=GPXTI12
PB13.Locked=true
PB13.Mode=Full_Duplex_Master
PB13.Signal=SPI2_SCK
PB14.Locked=true
PB14.Mode=Full_Duplex_Master
PB14.Signal=SPI2_MISO
PB15.Locked=true
PB15.Mode=Full_Duplex_Master
PB15.Signal=SPI2_MOSI
PB8.Locked=true
PB8.Mode=I2C
PB8.Signal=I2C1_SCL
PB9.Locked=true
PB9.Mode=I2C
PB9.Signal=I2C1_SDA
PC14-OSC32_IN\ (OSC32_IN).Mode=LSE-External-Oscillator
PC14-OSC32_IN\ (OSC32_IN).Signal=RCC_OSC32_IN
PC15-OSC32_OUT\ (OSC32_OUT).Mode=LSE-External-Oscillator
PC15-OSC32_OUT\ (OSC32_OUT).Signal=RCC_OSC32_OUT
PC4.Locked=true
PC4.Signal=GPXTI4
PC5.GPIOParameters=PinState
PC5.Locked=true
PC5.PinState=GPIO_PIN_SET
PC5.Signal=GPIO_Output
PC6.Mode=Asynchronous
PC6.Signal=USART6_TX
PC7.Mode=Asynchronous
PC7.Signal=USART6_RX
PD0.Locked=true
PD0.Mode=FDCAN_Activate
PD0.Signal=FDCAN1_RX
PD1.Locked=true
PD1.Mode=FDCAN_Activate
PD1.Signal=FDCAN1_TX
PD10.GPIOParameters=PinState
PD10.Locked=true
PD10.PinState=GPIO_PIN_SET
PD10.Signal=GPIO_Output
PD5.Locked=true
PD5.Mode=Asynchronous
PD5.Signal=USART2_TX
PD6.Locked=true
PD6.Mode=Asynchronous
PD6.Signal=USART2_RX
PD8.Mode=Asynchronous
PD8.Signal=USART3_TX
PD9.Mode=Asynchronous
PD9.Signal=USART3_RX
PE11.Signal=S_TIM1_CH2
PE13.Signal=S_TIM1_CH3
PE14.Signal=S_TIM1_CH4
PE2.Mode=Full_Duplex_Master
PE2.Signal=SPI4_SCK
PE3.GPIOParameters=PinState
PE3.Locked=true
PE3.PinState=GPIO_PIN_SET
PE3.Signal=GPIO_Output
PE4.Locked=true
PE4.Signal=GPIO_Input
PE5.Mode=Full_Duplex_Master
PE5.Signal=SPI4_MISO
PE6.Mode=Full_Duplex_Master
PE6.Signal=SPI4_MOSI
PE9.Signal=S_TIM1_CH1
PH0-OSC_IN\ (PH0).Mode=HSE-External-Oscillator
PH0-OSC_IN\ (PH0).Signal=RCC_OSC_IN
PH1-OSC_OUT\ (PH1).Mode=HSE-External-Oscillator
PH1-OSC_OUT\ (PH1).Signal=RCC_OSC_OUT
PinOutPanel.RotationAngle=0
ProjectManager.AskForMigrate=true
ProjectManager.BackupPrevious=false
ProjectManager.CompilerLinker=GCC
ProjectManager.CompilerOptimize=6
ProjectManager.ComputerToolchain=false
ProjectManager.CoupleFile=false
ProjectManager.CustomerFirmwarePackage=
ProjectManager.DefaultFWLocation=true
ProjectManager.DeletePrevious=true
ProjectManager.DeviceId=STM32H743VGTx
ProjectManager.FirmwarePackage=STM32Cube FW_H7 V1.12.1
ProjectManager.FreePins=false
ProjectManager.HalAssertFull=false
ProjectManager.HeapSize=0x200
ProjectManager.KeepUserCode=true
ProjectManager.LastFirmware=true
ProjectManager.LibraryCopy=1
ProjectManager.MainLocation=Core/Src
ProjectManager.NoMain=false
ProjectManager.PreviousToolchain=
ProjectManager.ProjectBuild=false
ProjectManager.ProjectFileName=FlightController.ioc
ProjectManager.ProjectName=FlightController
ProjectManager.ProjectStructure=
ProjectManager.RegisterCallBack=
ProjectManager.StackSize=0x400
ProjectManager.TargetToolchain=CMake
ProjectManager.ToolChainLocation=
ProjectManager.UAScriptAfterPath=
ProjectManager.UAScriptBeforePath=
ProjectManager.UnderRoot=false
ProjectManager.functionlistsort=1-SystemClock_Config-RCC-false-HAL-false,2-MX_GPIO_Init-GPIO-false-HAL-true,3-MX_DMA_Init-DMA-false-HAL-true,4-MX_ADC1_Init-ADC1-false-HAL-true,5-MX_FDCAN1_Init-FDCAN1-false-HAL-true,6-MX_I2C1_Init-I2C1-false-HAL-true,7-MX_I2C2_Init-I2C2-false-HAL-true,8-MX_IWDG1_Init-IWDG1-false-HAL-true,9-MX_RTC_Init-RTC-false-HAL-true,10-MX_SPI1_Init-SPI1-false-HAL-true,11-MX_SPI2_Init-SPI2-false-HAL-true,12-MX_SPI4_Init-SPI4-false-HAL-true,13-MX_TIM1_Init-TIM1-false-HAL-true,14-MX_TIM2_Init-TIM2-false-HAL-true,15-MX_TIM6_Init-TIM6-false-HAL-true,16-MX_USART2_UART_Init-USART2-false-HAL-true,17-MX_USART3_UART_Init-USART3-false-HAL-true,18-MX_USART6_UART_Init-USART6-false-HAL-true,19-MX_USB_OTG_FS_PCD_Init-USB_OTG_FS-false-HAL-true,0-MX_CORTEX_M7_Init-CORTEX_M7-false-HAL-true
RCC.ADCCLockSelection=RCC_ADCCLKSOURCE_CLKP
RCC.ADCFreq_Value=64000000
RCC.AHB12Freq_Value=200000000
RCC.AHB4Freq_Value=200000000
RCC.APB1Freq_Value=100000000
RCC.APB2Freq_Value=100000000
RCC.APB3Freq_Value=100000000
RCC.APB4Freq_Value=100000000
RCC.AXIClockFreq_Value=200000000
RCC.CECFreq_Value=32000
RCC.CKPERFreq_Value=64000000
RCC.CortexFreq_Value=400000000
RCC.CpuClockFreq_Value=400000000
RCC.D1CPREFreq_Value=400000000
RCC.D1PPRE=RCC_APB3_DIV2
RCC.D2PPRE1=RCC_APB1_DIV2
RCC.D2PPRE2=RCC_APB2_DIV2
RCC.D3PPRE=RCC_APB4_DIV2
RCC.DFSDMACLkFreq_Value=400000000
RCC.DFSDMFreq_Value=100000000
RCC.DIVM1=2
RCC.DIVM2=2
RCC.DIVN1=200
RCC.DIVN2=100
RCC.DIVP1Freq_Value=400000000
RCC.DIVP2Freq_Value=200000000
RCC.DIVP3Freq_Value=16125000
RCC.DIVQ1Freq_Value=400000000
RCC.DIVQ2Freq_Value=200000000
RCC.DIVQ3Freq_Value=16125000
RCC.DIVR1Freq_Value=400000000
RCC.DIVR2Freq_Value=200000000
RCC.DIVR3Freq_Value=16125000
RCC.FDCANCLockSelection=RCC_FDCANCLKSOURCE_HSE
RCC.FDCANFreq_Value=8000000
RCC.FMCFreq_Value=200000000
RCC.FamilyName=M
RCC.HCLK3ClockFreq_Value=200000000
RCC.HCLKFreq_Value=200000000
RCC.HPRE=RCC_HCLK_DIV2
RCC.HRTIMFreq_Value=200000000
RCC.HSE_VALUE=8000000
RCC.I2C123Freq_Value=100000000
RCC.I2C4Freq_Value=100000000
RCC.IPParameters=ADCCLockSelection,ADCFreq_Value,AHB12Freq_Value,AHB4Freq_Value,APB1Freq_Value,APB2Freq_Value,APB3Freq_Value,APB4Freq_Value,AXIClockFreq_Value,CECFreq_Value,CKPERFreq_Value,CortexFreq_Value,CpuClockFreq_Value,D1CPREFreq_Value,D1PPRE,D2PPRE1,D2PPRE2,D3PPRE,DFSDMACLkFreq_Value,DFSDMFreq_Value,DIVM1,DIVM2,DIVN1,DIVN2,DIVP1Freq_Value,DIVP2Freq_Value,DIVP3Freq_Value,DIVQ1Freq_Value,DIVQ2Freq_Value,DIVQ3Freq_Value,DIVR1Freq_Value,DIVR2Freq_Value,DIVR3Freq_Value,FDCANCLockSelection,FDCANFreq_Value,FMCFreq_Value,FamilyName,HCLK3ClockFreq_Value,HCLKFreq_Value,HPRE,HRTIMFreq_Value,HSE_VALUE,I2C123Freq_Value,I2C4Freq_Value,LPTIM1Freq_Value,LPTIM2Freq_Value,LPTIM345Freq_Value,LPUART1Freq_Value,LTDCFreq_Value,MCO1PinFreq_Value,MCO2PinFreq_Value,PLLSourceVirtual,QSPIFreq_Value,RNGFreq_Value,RTCClockSelection,RTCFreq_Value,SAI1Freq_Value,SAI23Freq_Value,SAI4AFreq_Value,SAI4BFreq_Value,SDMMCFreq_Value,SPDIFRXFreq_Value,SPI123CLockSelection,SPI123Freq_Value,SPI45Freq_Value,SPI6Freq_Value,SWPMI1Freq_Value,SYSCLKFreq_VALUE,SYSCLKSource,Tim1OutputFreq_Value,Tim2OutputFreq_Value,TraceFreq_Value,USART16Freq_Value,USART234578Freq_Value,USBCLockSelection,USBFreq_Value,VCO1OutputFreq_Value,VCO2OutputFreq_Value,VCO3OutputFreq_Value,VCOInput1Freq_Value,VCOInput2Freq_Value,VCOInput3Freq_Value
RCC.LPTIM1Freq_Value=100000000
RCC.LPTIM2Freq_Value=100000000
RCC.LPTIM345Freq_Value=100000000
RCC.LPUART1Freq_Value=100000000
RCC.LTDCFreq_Value=16125000
RCC.MCO1PinFreq_Value=64000000
RCC.MCO2PinFreq_Value=400000000
RCC.PLLSourceVirtual=RCC_PLLSOURCE_HSE
RCC.QSPIFreq_Value=200000000
RCC.RNGFreq_Value=48000000
RCC.RTCClockSelection=RCC_RTCCLKSOURCE_LSE
RCC.RTCFreq_Value=32768
RCC.SAI1Freq_Value=400000000
RCC.SAI23Freq_Value=400000000
RCC.SAI4AFreq_Value=400000000
RCC.SAI4BFreq_Value=400000000
RCC.SDMMCFreq_Value=400000000
RCC.SPDIFRXFreq_Value=400000000
RCC.SPI123CLockSelection=RCC_SPI123CLKSOURCE_CLKP
RCC.SPI123Freq_Value=64000000
RCC.SPI45Freq_Value=100000000
RCC.SPI6Freq_Value=100000000
RCC.SWPMI1Freq_Value=100000000
RCC.SYSCLKFreq_VALUE=400000000
RCC.SYSCLKSource=RCC_SYSCLKSOURCE_PLLCLK
RCC.Tim1OutputFreq_Value=200000000
RCC.Tim2OutputFreq_Value=200000000
RCC.TraceFreq_Value=64000000
RCC.USART16Freq_Value=100000000
RCC.USART234578Freq_Value=100000000
RCC.USBCLockSelection=RCC_USBCLKSOURCE_HSI48
RCC.USBFreq_Value=48000000
RCC.VCO1OutputFreq_Value=800000000
RCC.VCO2OutputFreq_Value=400000000
RCC.VCO3OutputFreq_Value=32250000
RCC.VCOInput1Freq_Value=4000000
RCC.VCOInput2Freq_Value=4000000
RCC.VCOInput3Freq_Value=250000
SH.ADCx_INP14.0=ADC1_INP14,IN14-Single-Ended
SH.ADCx_INP14.ConfNb=1
SH.ADCx_INP15.0=ADC1_INP15,IN15-Single-Ended
SH.ADCx_INP15.ConfNb=1
SH.ADCx_INP18.0=ADC1_INP18,IN18-Single-Ended
SH.ADCx_INP18.ConfNb=1
SH.GPXTI12.0=GPIO_EXTI12
SH.GPXTI12.ConfNb=1
SH.GPXTI4.0=GPIO_EXTI4
SH.GPXTI4.ConfNb=1
SH.S_TIM1_CH1.0=TIM1_CH1,PWM Generation1 CH1
SH.S_TIM1_CH1.ConfNb=1
SH.S_TIM1_CH2.0=TIM1_CH2,PWM Generation2 CH2
SH.S_TIM1_CH2.ConfNb=1
SH.S_TIM1_CH3.0=TIM1_CH3,PWM Generation3 CH3
SH.S_TIM1_CH3.ConfNb=1
SH.S_TIM1_CH4.0=TIM1_CH4,PWM Generation4 CH4
SH.S_TIM1_CH4.ConfNb=1
SH.S_TIM2_CH1_ETR.0=TIM2_CH1,Input_Capture1_from_TI1
SH.S_TIM2_CH1_ETR.ConfNb=1
SPI1.BaudRatePrescaler=SPI_BAUDRATEPRESCALER_64
SPI1.CalculateBaudRate=1000.0 KBits/s
SPI1.DataSize=SPI_DATASIZE_8BIT
SPI1.Direction=SPI_DIRECTION_2LINES
SPI1.IPParameters=VirtualType,Mode,Direction,CalculateBaudRate,BaudRatePrescaler,DataSize
SPI1.Mode=SPI_MODE_MASTER
SPI1.VirtualType=VM_MASTER
SPI2.BaudRatePrescaler=SPI_BAUDRATEPRESCALER_64
SPI2.CalculateBaudRate=1000.0 KBits/s
SPI2.DataSize=SPI_DATASIZE_8BIT
SPI2.Direction=SPI_DIRECTION_2LINES
SPI2.IPParameters=VirtualType,Mode,Direction,BaudRatePrescaler,CalculateBaudRate,DataSize
SPI2.Mode=SPI_MODE_MASTER
SPI2.VirtualType=VM_MASTER
SPI4.BaudRatePrescaler=SPI_BAUDRATEPRESCALER_256
SPI4.CalculateBaudRate=390.625 KBits/s
SPI4.DataSize=SPI_DATASIZE_8BIT
SPI4.Direction=SPI_DIRECTION_2LINES
SPI4.IPParameters=VirtualType,Mode,Direction,CalculateBaudRate,DataSize,BaudRatePrescaler
SPI4.Mode=SPI_MODE_MASTER
SPI4.VirtualType=VM_MASTER
TIM1.Channel-PWM\ Generation1\ CH1=TIM_CHANNEL_1
TIM1.Channel-PWM\ Generation2\ CH2=TIM_CHANNEL_2
TIM1.Channel-PWM\ Generation3\ CH3=TIM_CHANNEL_3
TIM1.Channel-PWM\ Generation4\ CH4=TIM_CHANNEL_4
TIM1.IPParameters=Channel-PWM Generation1 CH1,Channel-PWM Generation2 CH2,Channel-PWM Generation3 CH3,Channel-PWM Generation4 CH4
TIM2.Channel-Input_Capture1_from_TI1=TIM_CHANNEL_1
TIM2.IPParameters=Channel-Input_Capture1_from_TI1,Prescaler,Period
TIM2.Period=0xFFFFFFFF
TIM2.Prescaler=199
TIM6.IPParameters=Prescaler,Period
TIM6.Period=999
TIM6.Prescaler=199
USART2.IPParameters=VirtualMode-Asynchronous
USART2.VirtualMode-Asynchronous=VM_ASYNC
USART3.IPParameters=VirtualMode-Asynchronous
USART3.VirtualMode-Asynchronous=VM_ASYNC
USART6.IPParameters=VirtualMode
USART6.VirtualMode=VM_ASYNC
USB_OTG_FS.IPParameters=VirtualMode
USB_OTG_FS.VirtualMode=Device_Only
VP_IWDG1_VS_IWDG.Mode=IWDG_Activate
VP_IWDG1_VS_IWDG.Signal=IWDG1_VS_IWDG
VP_MEMORYMAP_VS_MEMORYMAP.Mode=CurAppReg
VP_MEMORYMAP_VS_MEMORYMAP.Signal=MEMORYMAP_VS_MEMORYMAP
VP_RTC_VS_RTC_Activate.Mode=RTC_Enabled
VP_RTC_VS_RTC_Activate.Signal=RTC_VS_RTC_Activate
VP_SYS_VS_Systick.Mode=SysTick
VP_SYS_VS_Systick.Signal=SYS_VS_Systick
VP_TIM6_VS_ClockSourceINT.Mode=Enable_Timer
VP_TIM6_VS_ClockSourceINT.Signal=TIM6_VS_ClockSourceINT
board=custom
